
Microsoft Visual Studio Solution File, Format Version 12.00
# Visual Studio Version 17
VisualStudioVersion = 17.4.33110.190
MinimumVisualStudioVersion = 10.0.40219.1
Project("{FAE04EC0-301F-11D3-BF4B-00C04F79EFBC}") = "chess-console", "chess-console\chess-console.csproj", "{1C31F68D-081A-4830-9847-969A518CFEB6}"
EndProject
Global
	GlobalSection(SolutionConfigurationPlatforms) = preSolution
		Debug|Any CPU = Debug|Any CPU
		Release|Any CPU = Release|Any CPU
	EndGlobalSection
	GlobalSection(ProjectConfigurationPlatforms) = postSolution
		{1C31F68D-081A-4830-9847-969A518CFEB6}.Debug|Any CPU.ActiveCfg = Debug|Any CPU
		{1C31F68D-081A-4830-9847-969A518CFEB6}.Debug|Any CPU.Build.0 = Debug|Any CPU
		{1C31F68D-081A-4830-9847-969A518CFEB6}.Release|Any CPU.ActiveCfg = Release|Any CPU
		{1C31F68D-081A-4830-9847-969A518CFEB6}.Release|Any CPU.Build.0 = Release|Any CPU
	EndGlobalSection
	GlobalSection(SolutionProperties) = preSolution
		HideSolutionNode = FALSE
	EndGlobalSection
	GlobalSection(ExtensibilityGlobals) = postSolution
		SolutionGuid = {B318E5A7-2548-4DF3-A4B6-B200658F4992}
	EndGlobalSection
EndGlobal
